// !$*UTF8*$!
{
	archiveVersion = 1;
	classes = {
	};
	objectVersion = 56;
	objects = {

/* Begin PBXBuildFile section */
		DAA4C42C2BCB04520067224C /* AppDelegate.swift in Sources */ = {isa = PBXBuildFile; fileRef = DAA4C42B2BCB04520067224C /* AppDelegate.swift */; };
		DAA4C42E2BCB04520067224C /* SceneDelegate.swift in Sources */ = {isa = PBXBuildFile; fileRef = DAA4C42D2BCB04520067224C /* SceneDelegate.swift */; };
		DAA4C4302BCB04520067224C /* ViewController.swift in Sources */ = {isa = PBXBuildFile; fileRef = DAA4C42F2BCB04520067224C /* ViewController.swift */; };
		DAA4C4332BCB04520067224C /* Base in Resources */ = {isa = PBXBuildFile; fileRef = DAA4C4322BCB04520067224C /* Base */; };
		DAA4C4352BCB04540067224C /* Assets.xcassets in Resources */ = {isa = PBXBuildFile; fileRef = DAA4C4342BCB04540067224C /* Assets.xcassets */; };
		DAA4C4382BCB04540067224C /* Base in Resources */ = {isa = PBXBuildFile; fileRef = DAA4C4372BCB04540067224C /* Base */; };
		DAA4C4422BCB04C80067224C /* ItemsListView.xib in Resources */ = {isa = PBXBuildFile; fileRef = DAA4C4412BCB04C80067224C /* ItemsListView.xib */; };
		DAA4C4442BCB04E40067224C /* ItemsListViewController.swift in Sources */ = {isa = PBXBuildFile; fileRef = DAA4C4432BCB04E40067224C /* ItemsListViewController.swift */; };
		DAA4C4462BCB04F90067224C /* CartView.xib in Resources */ = {isa = PBXBuildFile; fileRef = DAA4C4452BCB04F90067224C /* CartView.xib */; };
		DAA4C4482BCB050D0067224C /* CartViewController.swift in Sources */ = {isa = PBXBuildFile; fileRef = DAA4C4472BCB050D0067224C /* CartViewController.swift */; };
/* End PBXBuildFile section */

/* Begin PBXFileReference section */
		DAA4C4282BCB04520067224C /* shopping-cart.app */ = {isa = PBXFileReference; explicitFileType = wrapper.application; includeInIndex = 0; path = "shopping-cart.app"; sourceTree = BUILT_PRODUCTS_DIR; };
		DAA4C42B2BCB04520067224C /* AppDelegate.swift */ = {isa = PBXFileReference; lastKnownFileType = sourcecode.swift; path = AppDelegate.swift; sourceTree = "<group>"; };
		DAA4C42D2BCB04520067224C /* SceneDelegate.swift */ = {isa = PBXFileReference; lastKnownFileType = sourcecode.swift; path = SceneDelegate.swift; sourceTree = "<group>"; };
		DAA4C42F2BCB04520067224C /* ViewController.swift */ = {isa = PBXFileReference; lastKnownFileType = sourcecode.swift; path = ViewController.swift; sourceTree = "<group>"; };
		DAA4C4322BCB04520067224C /* Base */ = {isa = PBXFileReference; lastKnownFileType = file.storyboard; name = Base; path = Base.lproj/Main.storyboard; sourceTree = "<group>"; };
		DAA4C4342BCB04540067224C /* Assets.xcassets */ = {isa = PBXFileReference; lastKnownFileType = folder.assetcatalog; path = Assets.xcassets; sourceTree = "<group>"; };
		DAA4C4372BCB04540067224C /* Base */ = {isa = PBXFileReference; lastKnownFileType = file.storyboard; name = Base; path = Base.lproj/LaunchScreen.storyboard; sourceTree = "<group>"; };
		DAA4C4392BCB04540067224C /* Info.plist */ = {isa = PBXFileReference; lastKnownFileType = text.plist.xml; path = Info.plist; sourceTree = "<group>"; };
		DAA4C4412BCB04C80067224C /* ItemsListView.xib */ = {isa = PBXFileReference; lastKnownFileType = file.xib; path = ItemsListView.xib; sourceTree = "<group>"; };
		DAA4C4432BCB04E40067224C /* ItemsListViewController.swift */ = {isa = PBXFileReference; lastKnownFileType = sourcecode.swift; path = ItemsListViewController.swift; sourceTree = "<group>"; };
		DAA4C4452BCB04F90067224C /* CartView.xib */ = {isa = PBXFileReference; lastKnownFileType = file.xib; path = CartView.xib; sourceTree = "<group>"; };
		DAA4C4472BCB050D0067224C /* CartViewController.swift */ = {isa = PBXFileReference; lastKnownFileType = sourcecode.swift; path = CartViewController.swift; sourceTree = "<group>"; };
/* End PBXFileReference section */

/* Begin PBXFrameworksBuildPhase section */
		DAA4C4252BCB04520067224C /* Frameworks */ = {
			isa = PBXFrameworksBuildPhase;
			buildActionMask = 2147483647;
			files = (
			);
			runOnlyForDeploymentPostprocessing = 0;
		};
/* End PBXFrameworksBuildPhase section */

/* Begin PBXGroup section */
		DAA4C41F2BCB04520067224C = {
			isa = PBXGroup;
			children = (
				DAA4C42A2BCB04520067224C /* shopping-cart */,
				DAA4C4292BCB04520067224C /* Products */,
			);
			sourceTree = "<group>";
		};
		DAA4C4292BCB04520067224C /* Products */ = {
			isa = PBXGroup;
			children = (
				DAA4C4282BCB04520067224C /* shopping-cart.app */,
			);
			name = Products;
			sourceTree = "<group>";
		};
		DAA4C42A2BCB04520067224C /* shopping-cart */ = {
			isa = PBXGroup;
			children = (
				DAA4C4402BCB04A90067224C /* Cart */,
				DAA4C43F2BCB048E0067224C /* ItemsList */,
				DAA4C42B2BCB04520067224C /* AppDelegate.swift */,
				DAA4C42D2BCB04520067224C /* SceneDelegate.swift */,
				DAA4C42F2BCB04520067224C /* ViewController.swift */,
				DAA4C4312BCB04520067224C /* Main.storyboard */,
				DAA4C4342BCB04540067224C /* Assets.xcassets */,
				DAA4C4362BCB04540067224C /* LaunchScreen.storyboard */,
				DAA4C4392BCB04540067224C /* Info.plist */,
			);
			path = "shopping-cart";
			sourceTree = "<group>";
		};
		DAA4C43F2BCB048E0067224C /* ItemsList */ = {
			isa = PBXGroup;
			children = (
				DAA4C4412BCB04C80067224C /* ItemsListView.xib */,
				DAA4C4432BCB04E40067224C /* ItemsListViewController.swift */,
			);
			path = ItemsList;
			sourceTree = "<group>";
		};
		DAA4C4402BCB04A90067224C /* Cart */ = {
			isa = PBXGroup;
			children = (
				DAA4C4452BCB04F90067224C /* CartView.xib */,
				DAA4C4472BCB050D0067224C /* CartViewController.swift */,
			);
			path = Cart;
			sourceTree = "<group>";
		};
/* End PBXGroup section */

/* Begin PBXNativeTarget section */
		DAA4C4272BCB04520067224C /* shopping-cart */ = {
			isa = PBXNativeTarget;
			buildConfigurationList = DAA4C43C2BCB04540067224C /* Build configuration list for PBXNativeTarget "shopping-cart" */;
			buildPhases = (
				DAA4C4242BCB04520067224C /* Sources */,
				DAA4C4252BCB04520067224C /* Frameworks */,
				DAA4C4262BCB04520067224C /* Resources */,
			);
			buildRules = (
			);
			dependencies = (
			);
			name = "shopping-cart";
			productName = "shopping-cart";
			productReference = DAA4C4282BCB04520067224C /* shopping-cart.app */;
			productType = "com.apple.product-type.application";
		};
/* End PBXNativeTarget section */

/* Begin PBXProject section */
		DAA4C4202BCB04520067224C /* Project object */ = {
			isa = PBXProject;
			attributes = {
				BuildIndependentTargetsInParallel = 1;
				LastSwiftUpdateCheck = 1530;
				LastUpgradeCheck = 1530;
				TargetAttributes = {
					DAA4C4272BCB04520067224C = {
						CreatedOnToolsVersion = 15.3;
					};
				};
			};
			buildConfigurationList = DAA4C4232BCB04520067224C /* Build configuration list for PBXProject "shopping-cart" */;
			compatibilityVersion = "Xcode 14.0";
			developmentRegion = en;
			hasScannedForEncodings = 0;
			knownRegions = (
				en,
				Base,
			);
			mainGroup = DAA4C41F2BCB04520067224C;
			productRefGroup = DAA4C4292BCB04520067224C /* Products */;
			projectDirPath = "";
			projectRoot = "";
			targets = (
				DAA4C4272BCB04520067224C /* shopping-cart */,
			);
		};
/* End PBXProject section */

/* Begin PBXResourcesBuildPhase section */
		DAA4C4262BCB04520067224C /* Resources */ = {
			isa = PBXResourcesBuildPhase;
			buildActionMask = 2147483647;
			files = (
				DAA4C4352BCB04540067224C /* Assets.xcassets in Resources */,
				DAA4C4462BCB04F90067224C /* CartView.xib in Resources */,
				DAA4C4382BCB04540067224C /* Base in Resources */,
				DAA4C4332BCB04520067224C /* Base in Resources */,
				DAA4C4422BCB04C80067224C /* ItemsListView.xib in Resources */,
			);
			runOnlyForDeploymentPostprocessing = 0;
		};
/* End PBXResourcesBuildPhase section */

/* Begin PBXSourcesBuildPhase section */
		DAA4C4242BCB04520067224C /* Sources */ = {
			isa = PBXSourcesBuildPhase;
			buildActionMask = 2147483647;
			files = (
				DAA4C4302BCB04520067224C /* ViewController.swift in Sources */,
				DAA4C4442BCB04E40067224C /* ItemsListViewController.swift in Sources */,
				DAA4C4482BCB050D0067224C /* CartViewController.swift in Sources */,
				DAA4C42C2BCB04520067224C /* AppDelegate.swift in Sources */,
				DAA4C42E2BCB04520067224C /* SceneDelegate.swift in Sources */,
			);
			runOnlyForDeploymentPostprocessing = 0;
		};
/* End PBXSourcesBuildPhase section */

/* Begin PBXVariantGroup section */
		DAA4C4312BCB04520067224C /* Main.storyboard */ = {
			isa = PBXVariantGroup;
			children = (
				DAA4C4322BCB04520067224C /* Base */,
			);
			name = Main.storyboard;
			sourceTree = "<group>";
		};
		DAA4C4362BCB04540067224C /* LaunchScreen.storyboard */ = {
			isa = PBXVariantGroup;
			children = (
				DAA4C4372BCB04540067224C /* Base */,
			);
			name = LaunchScreen.storyboard;
			sourceTree = "<group>";
		};
/* End PBXVariantGroup section */

/* Begin XCBuildConfiguration section */
		DAA4C43A2BCB04540067224C /* Debug */ = {
			isa = XCBuildConfiguration;
			buildSettings = {
				ALWAYS_SEARCH_USER_PATHS = NO;
				ASSETCATALOG_COMPILER_GENERATE_SWIFT_ASSET_SYMBOL_EXTENSIONS = YES;
				CLANG_ANALYZER_NONNULL = YES;
				CLANG_ANALYZER_NUMBER_OBJECT_CONVERSION = YES_AGGRESSIVE;
				CLANG_CXX_LANGUAGE_STANDARD = "gnu++20";
				CLANG_ENABLE_MODULES = YES;
				CLANG_ENABLE_OBJC_ARC = YES;
				CLANG_ENABLE_OBJC_WEAK = YES;
				CLANG_WARN_BLOCK_CAPTURE_AUTORELEASING = YES;
				CLANG_WARN_BOOL_CONVERSION = YES;
				CLANG_WARN_COMMA = YES;
				CLANG_WARN_CONSTANT_CONVERSION = YES;
				CLANG_WARN_DEPRECATED_OBJC_IMPLEMENTATIONS = YES;
				CLANG_WARN_DIRECT_OBJC_ISA_USAGE = YES_ERROR;
				CLANG_WARN_DOCUMENTATION_COMMENTS = YES;
				CLANG_WARN_EMPTY_BODY = YES;
				CLANG_WARN_ENUM_CONVERSION = YES;
				CLANG_WARN_INFINITE_RECURSION = YES;
				CLANG_WARN_INT_CONVERSION = YES;
				CLANG_WARN_NON_LITERAL_NULL_CONVERSION = YES;
				CLANG_WARN_OBJC_IMPLICIT_RETAIN_SELF = YES;
				CLANG_WARN_OBJC_LITERAL_CONVERSION = YES;
				CLANG_WARN_OBJC_ROOT_CLASS = YES_ERROR;
				CLANG_WARN_QUOTED_INCLUDE_IN_FRAMEWORK_HEADER = YES;
				CLANG_WARN_RANGE_LOOP_ANALYSIS = YES;
				CLANG_WARN_STRICT_PROTOTYPES = YES;
				CLANG_WARN_SUSPICIOUS_MOVE = YES;
				CLANG_WARN_UNGUARDED_AVAILABILITY = YES_AGGRESSIVE;
				CLANG_WARN_UNREACHABLE_CODE = YES;
				CLANG_WARN__DUPLICATE_METHOD_MATCH = YES;
				COPY_PHASE_STRIP = NO;
				DEBUG_INFORMATION_FORMAT = dwarf;
				ENABLE_STRICT_OBJC_MSGSEND = YES;
				ENABLE_TESTABILITY = YES;
				ENABLE_USER_SCRIPT_SANDBOXING = YES;
				GCC_C_LANGUAGE_STANDARD = gnu17;
				GCC_DYNAMIC_NO_PIC = NO;
				GCC_NO_COMMON_BLOCKS = YES;
				GCC_OPTIMIZATION_LEVEL = 0;
				GCC_PREPROCESSOR_DEFINITIONS = (
					"DEBUG=1",
					"$(inherited)",
				);
				GCC_WARN_64_TO_32_BIT_CONVERSION = YES;
				GCC_WARN_ABOUT_RETURN_TYPE = YES_ERROR;
				GCC_WARN_UNDECLARED_SELECTOR = YES;
				GCC_WARN_UNINITIALIZED_AUTOS = YES_AGGRESSIVE;
				GCC_WARN_UNUSED_FUNCTION = YES;
				GCC_WARN_UNUSED_VARIABLE = YES;
				IPHONEOS_DEPLOYMENT_TARGET = 17.4;
				LOCALIZATION_PREFERS_STRING_CATALOGS = YES;
				MTL_ENABLE_DEBUG_INFO = INCLUDE_SOURCE;
				MTL_FAST_MATH = YES;
				ONLY_ACTIVE_ARCH = YES;
				SDKROOT = iphoneos;
				SWIFT_ACTIVE_COMPILATION_CONDITIONS = "DEBUG $(inherited)";
				SWIFT_OPTIMIZATION_LEVEL = "-Onone";
			};
			name = Debug;
		};
		DAA4C43B2BCB04540067224C /* Release */ = {
			isa = XCBuildConfiguration;
			buildSettings = {
				ALWAYS_SEARCH_USER_PATHS = NO;
				ASSETCATALOG_COMPILER_GENERATE_SWIFT_ASSET_SYMBOL_EXTENSIONS = YES;
				CLANG_ANALYZER_NONNULL = YES;
				CLANG_ANALYZER_NUMBER_OBJECT_CONVERSION = YES_AGGRESSIVE;
				CLANG_CXX_LANGUAGE_STANDARD = "gnu++20";
				CLANG_ENABLE_MODULES = YES;
				CLANG_ENABLE_OBJC_ARC = YES;
				CLANG_ENABLE_OBJC_WEAK = YES;
				CLANG_WARN_BLOCK_CAPTURE_AUTORELEASING = YES;
				CLANG_WARN_BOOL_CONVERSION = YES;
				CLANG_WARN_COMMA = YES;
				CLANG_WARN_CONSTANT_CONVERSION = YES;
				CLANG_WARN_DEPRECATED_OBJC_IMPLEMENTATIONS = YES;
				CLANG_WARN_DIRECT_OBJC_ISA_USAGE = YES_ERROR;
				CLANG_WARN_DOCUMENTATION_COMMENTS = YES;
				CLANG_WARN_EMPTY_BODY = YES;
				CLANG_WARN_ENUM_CONVERSION = YES;
				CLANG_WARN_INFINITE_RECURSION = YES;
				CLANG_WARN_INT_CONVERSION = YES;
				CLANG_WARN_NON_LITERAL_NULL_CONVERSION = YES;
				CLANG_WARN_OBJC_IMPLICIT_RETAIN_SELF = YES;
				CLANG_WARN_OBJC_LITERAL_CONVERSION = YES;
				CLANG_WARN_OBJC_ROOT_CLASS = YES_ERROR;
				CLANG_WARN_QUOTED_INCLUDE_IN_FRAMEWORK_HEADER = YES;
				CLANG_WARN_RANGE_LOOP_ANALYSIS = YES;
				CLANG_WARN_STRICT_PROTOTYPES = YES;
				CLANG_WARN_SUSPICIOUS_MOVE = YES;
				CLANG_WARN_UNGUARDED_AVAILABILITY = YES_AGGRESSIVE;
				CLANG_WARN_UNREACHABLE_CODE = YES;
				CLANG_WARN__DUPLICATE_METHOD_MATCH = YES;
				COPY_PHASE_STRIP = NO;
				DEBUG_INFORMATION_FORMAT = "dwarf-with-dsym";
				ENABLE_NS_ASSERTIONS = NO;
				ENABLE_STRICT_OBJC_MSGSEND = YES;
				ENABLE_USER_SCRIPT_SANDBOXING = YES;
				GCC_C_LANGUAGE_STANDARD = gnu17;
				GCC_NO_COMMON_BLOCKS = YES;
				GCC_WARN_64_TO_32_BIT_CONVERSION = YES;
				GCC_WARN_ABOUT_RETURN_TYPE = YES_ERROR;
				GCC_WARN_UNDECLARED_SELECTOR = YES;
				GCC_WARN_UNINITIALIZED_AUTOS = YES_AGGRESSIVE;
				GCC_WARN_UNUSED_FUNCTION = YES;
				GCC_WARN_UNUSED_VARIABLE = YES;
				IPHONEOS_DEPLOYMENT_TARGET = 17.4;
				LOCALIZATION_PREFERS_STRING_CATALOGS = YES;
				MTL_ENABLE_DEBUG_INFO = NO;
				MTL_FAST_MATH = YES;
				SDKROOT = iphoneos;
				SWIFT_COMPILATION_MODE = wholemodule;
				VALIDATE_PRODUCT = YES;
			};
			name = Release;
		};
		DAA4C43D2BCB04540067224C /* Debug */ = {
			isa = XCBuildConfiguration;
			buildSettings = {
				ASSETCATALOG_COMPILER_APPICON_NAME = AppIcon;
				ASSETCATALOG_COMPILER_GLOBAL_ACCENT_COLOR_NAME = AccentColor;
				CODE_SIGN_STYLE = Automatic;
				CURRENT_PROJECT_VERSION = 1;
				GENERATE_INFOPLIST_FILE = YES;
				INFOPLIST_FILE = "shopping-cart/Info.plist";
				INFOPLIST_KEY_UIApplicationSupportsIndirectInputEvents = YES;
				INFOPLIST_KEY_UILaunchStoryboardName = LaunchScreen;
				INFOPLIST_KEY_UIMainStoryboardFile = Main;
				INFOPLIST_KEY_UISupportedInterfaceOrientations_iPad = "UIInterfaceOrientationPortrait UIInterfaceOrientationPortraitUpsideDown UIInterfaceOrientationLandscapeLeft UIInterfaceOrientationLandscapeRight";
				INFOPLIST_KEY_UISupportedInterfaceOrientations_iPhone = "UIInterfaceOrientationPortrait UIInterfaceOrientationLandscapeLeft UIInterfaceOrientationLandscapeRight";
				LD_RUNPATH_SEARCH_PATHS = (
					"$(inherited)",
					"@executable_path/Frameworks",
				);
				MARKETING_VERSION = 1.0;
				PRODUCT_BUNDLE_IDENTIFIER = "ios-lab.shopping-cart";
				PRODUCT_NAME = "$(TARGET_NAME)";
				SUPPORTED_PLATFORMS = "iphoneos iphonesimulator";
				SUPPORTS_MACCATALYST = NO;
				SUPPORTS_MAC_DESIGNED_FOR_IPHONE_IPAD = NO;
				SUPPORTS_XR_DESIGNED_FOR_IPHONE_IPAD = NO;
				SWIFT_EMIT_LOC_STRINGS = YES;
				SWIFT_VERSION = 5.0;
				TARGETED_DEVICE_FAMILY = "1,2";
			};
			name = Debug;
		};
		DAA4C43E2BCB04540067224C /* Release */ = {
			isa = XCBuildConfiguration;
			buildSettings = {
				ASSETCATALOG_COMPILER_APPICON_NAME = AppIcon;
				ASSETCATALOG_COMPILER_GLOBAL_ACCENT_COLOR_NAME = AccentColor;
				CODE_SIGN_STYLE = Automatic;
				CURRENT_PROJECT_VERSION = 1;
				GENERATE_INFOPLIST_FILE = YES;
				INFOPLIST_FILE = "shopping-cart/Info.plist";
				INFOPLIST_KEY_UIApplicationSupportsIndirectInputEvents = YES;
				INFOPLIST_KEY_UILaunchStoryboardName = LaunchScreen;
				INFOPLIST_KEY_UIMainStoryboardFile = Main;
				INFOPLIST_KEY_UISupportedInterfaceOrientations_iPad = "UIInterfaceOrientationPortrait UIInterfaceOrientationPortraitUpsideDown UIInterfaceOrientationLandscapeLeft UIInterfaceOrientationLandscapeRight";
				INFOPLIST_KEY_UISupportedInterfaceOrientations_iPhone = "UIInterfaceOrientationPortrait UIInterfaceOrientationLandscapeLeft UIInterfaceOrientationLandscapeRight";
				LD_RUNPATH_SEARCH_PATHS = (
					"$(inherited)",
					"@executable_path/Frameworks",
				);
				MARKETING_VERSION = 1.0;
				PRODUCT_BUNDLE_IDENTIFIER = "ios-lab.shopping-cart";
				PRODUCT_NAME = "$(TARGET_NAME)";
				SUPPORTED_PLATFORMS = "iphoneos iphonesimulator";
				SUPPORTS_MACCATALYST = NO;
				SUPPORTS_MAC_DESIGNED_FOR_IPHONE_IPAD = NO;
				SUPPORTS_XR_DESIGNED_FOR_IPHONE_IPAD = NO;
				SWIFT_EMIT_LOC_STRINGS = YES;
				SWIFT_VERSION = 5.0;
				TARGETED_DEVICE_FAMILY = "1,2";
			};
			name = Release;
		};
/* End XCBuildConfiguration section */

/* Begin XCConfigurationList section */
		DAA4C4232BCB04520067224C /* Build configuration list for PBXProject "shopping-cart" */ = {
			isa = XCConfigurationList;
			buildConfigurations = (
				DAA4C43A2BCB04540067224C /* Debug */,
				DAA4C43B2BCB04540067224C /* Release */,
			);
			defaultConfigurationIsVisible = 0;
			defaultConfigurationName = Release;
		};
		DAA4C43C2BCB04540067224C /* Build configuration list for PBXNativeTarget "shopping-cart" */ = {
			isa = XCConfigurationList;
			buildConfigurations = (
				DAA4C43D2BCB04540067224C /* Debug */,
				DAA4C43E2BCB04540067224C /* Release */,
			);
			defaultConfigurationIsVisible = 0;
			defaultConfigurationName = Release;
		};
/* End XCConfigurationList section */
	};
	rootObject = DAA4C4202BCB04520067224C /* Project object */;
}
