// !$*UTF8*$!
{
	archiveVersion = 1;
	classes = {
	};
	objectVersion = 56;
	objects = {

/* Begin PBXBuildFile section */
		DA8797842BF908B8000F4864 /* AppDelegate.swift in Sources */ = {isa = PBXBuildFile; fileRef = DA8797832BF908B8000F4864 /* AppDelegate.swift */; };
		DA8797862BF908B8000F4864 /* SceneDelegate.swift in Sources */ = {isa = PBXBuildFile; fileRef = DA8797852BF908B8000F4864 /* SceneDelegate.swift */; };
		DA8797882BF908B8000F4864 /* ViewController.swift in Sources */ = {isa = PBXBuildFile; fileRef = DA8797872BF908B8000F4864 /* ViewController.swift */; };
		DA87978B2BF908B8000F4864 /* Base in Resources */ = {isa = PBXBuildFile; fileRef = DA87978A2BF908B8000F4864 /* Base */; };
		DA87978D2BF908BA000F4864 /* Assets.xcassets in Resources */ = {isa = PBXBuildFile; fileRef = DA87978C2BF908BA000F4864 /* Assets.xcassets */; };
		DA8797902BF908BA000F4864 /* Base in Resources */ = {isa = PBXBuildFile; fileRef = DA87978F2BF908BA000F4864 /* Base */; };
		DA8797982BF90915000F4864 /* BandModel.swift in Sources */ = {isa = PBXBuildFile; fileRef = DA8797972BF90915000F4864 /* BandModel.swift */; };
		DA87979D2BF90F46000F4864 /* CustomTableViewCell.xib in Resources */ = {isa = PBXBuildFile; fileRef = DA87979C2BF90F46000F4864 /* CustomTableViewCell.xib */; };
		DA87979E2BF90F46000F4864 /* CustomTableViewCell.swift in Sources */ = {isa = PBXBuildFile; fileRef = DA87979B2BF90F46000F4864 /* CustomTableViewCell.swift */; };
		DA8797A02BF90F86000F4864 /* AlbumViewController.swift in Sources */ = {isa = PBXBuildFile; fileRef = DA87979F2BF90F86000F4864 /* AlbumViewController.swift */; };
		DA8797A22BF90FA4000F4864 /* Album.xib in Resources */ = {isa = PBXBuildFile; fileRef = DA8797A12BF90FA4000F4864 /* Album.xib */; };
		DA8797A72BF9124E000F4864 /* CustomTableViewController.swift in Sources */ = {isa = PBXBuildFile; fileRef = DA8797A62BF9124E000F4864 /* CustomTableViewController.swift */; };
		DA8797A92BF91266000F4864 /* CustomTableView.xib in Resources */ = {isa = PBXBuildFile; fileRef = DA8797A82BF91266000F4864 /* CustomTableView.xib */; };
		DA8797AD2BF9138D000F4864 /* CustomTableView.swift in Sources */ = {isa = PBXBuildFile; fileRef = DA8797AC2BF9138D000F4864 /* CustomTableView.swift */; };
		DA8797AF2BF91967000F4864 /* AlbumModel.swift in Sources */ = {isa = PBXBuildFile; fileRef = DA8797AE2BF91967000F4864 /* AlbumModel.swift */; };
/* End PBXBuildFile section */

/* Begin PBXFileReference section */
		DA8797802BF908B8000F4864 /* MusicBandsMVC.app */ = {isa = PBXFileReference; explicitFileType = wrapper.application; includeInIndex = 0; path = MusicBandsMVC.app; sourceTree = BUILT_PRODUCTS_DIR; };
		DA8797832BF908B8000F4864 /* AppDelegate.swift */ = {isa = PBXFileReference; lastKnownFileType = sourcecode.swift; path = AppDelegate.swift; sourceTree = "<group>"; };
		DA8797852BF908B8000F4864 /* SceneDelegate.swift */ = {isa = PBXFileReference; lastKnownFileType = sourcecode.swift; path = SceneDelegate.swift; sourceTree = "<group>"; };
		DA8797872BF908B8000F4864 /* ViewController.swift */ = {isa = PBXFileReference; lastKnownFileType = sourcecode.swift; path = ViewController.swift; sourceTree = "<group>"; };
		DA87978A2BF908B8000F4864 /* Base */ = {isa = PBXFileReference; lastKnownFileType = file.storyboard; name = Base; path = Base.lproj/Main.storyboard; sourceTree = "<group>"; };
		DA87978C2BF908BA000F4864 /* Assets.xcassets */ = {isa = PBXFileReference; lastKnownFileType = folder.assetcatalog; path = Assets.xcassets; sourceTree = "<group>"; };
		DA87978F2BF908BA000F4864 /* Base */ = {isa = PBXFileReference; lastKnownFileType = file.storyboard; name = Base; path = Base.lproj/LaunchScreen.storyboard; sourceTree = "<group>"; };
		DA8797912BF908BA000F4864 /* Info.plist */ = {isa = PBXFileReference; lastKnownFileType = text.plist.xml; path = Info.plist; sourceTree = "<group>"; };
		DA8797972BF90915000F4864 /* BandModel.swift */ = {isa = PBXFileReference; lastKnownFileType = sourcecode.swift; path = BandModel.swift; sourceTree = "<group>"; };
		DA87979B2BF90F46000F4864 /* CustomTableViewCell.swift */ = {isa = PBXFileReference; lastKnownFileType = sourcecode.swift; path = CustomTableViewCell.swift; sourceTree = "<group>"; };
		DA87979C2BF90F46000F4864 /* CustomTableViewCell.xib */ = {isa = PBXFileReference; lastKnownFileType = file.xib; path = CustomTableViewCell.xib; sourceTree = "<group>"; };
		DA87979F2BF90F86000F4864 /* AlbumViewController.swift */ = {isa = PBXFileReference; lastKnownFileType = sourcecode.swift; path = AlbumViewController.swift; sourceTree = "<group>"; };
		DA8797A12BF90FA4000F4864 /* Album.xib */ = {isa = PBXFileReference; lastKnownFileType = file.xib; path = Album.xib; sourceTree = "<group>"; };
		DA8797A62BF9124E000F4864 /* CustomTableViewController.swift */ = {isa = PBXFileReference; lastKnownFileType = sourcecode.swift; path = CustomTableViewController.swift; sourceTree = "<group>"; };
		DA8797A82BF91266000F4864 /* CustomTableView.xib */ = {isa = PBXFileReference; lastKnownFileType = file.xib; path = CustomTableView.xib; sourceTree = "<group>"; };
		DA8797AC2BF9138D000F4864 /* CustomTableView.swift */ = {isa = PBXFileReference; lastKnownFileType = sourcecode.swift; path = CustomTableView.swift; sourceTree = "<group>"; };
		DA8797AE2BF91967000F4864 /* AlbumModel.swift */ = {isa = PBXFileReference; lastKnownFileType = sourcecode.swift; path = AlbumModel.swift; sourceTree = "<group>"; };
/* End PBXFileReference section */

/* Begin PBXFrameworksBuildPhase section */
		DA87977D2BF908B8000F4864 /* Frameworks */ = {
			isa = PBXFrameworksBuildPhase;
			buildActionMask = 2147483647;
			files = (
			);
			runOnlyForDeploymentPostprocessing = 0;
		};
/* End PBXFrameworksBuildPhase section */

/* Begin PBXGroup section */
		DA8797772BF908B8000F4864 = {
			isa = PBXGroup;
			children = (
				DA8797822BF908B8000F4864 /* MusicBandsMVC */,
				DA8797812BF908B8000F4864 /* Products */,
			);
			sourceTree = "<group>";
		};
		DA8797812BF908B8000F4864 /* Products */ = {
			isa = PBXGroup;
			children = (
				DA8797802BF908B8000F4864 /* MusicBandsMVC.app */,
			);
			name = Products;
			sourceTree = "<group>";
		};
		DA8797822BF908B8000F4864 /* MusicBandsMVC */ = {
			isa = PBXGroup;
			children = (
				DA8797A52BF9122E000F4864 /* CustomTableView */,
				DA87979A2BF90F32000F4864 /* CustomTableViewCell */,
				DA8797992BF90F12000F4864 /* Album */,
				DA8797832BF908B8000F4864 /* AppDelegate.swift */,
				DA8797852BF908B8000F4864 /* SceneDelegate.swift */,
				DA8797872BF908B8000F4864 /* ViewController.swift */,
				DA8797892BF908B8000F4864 /* Main.storyboard */,
				DA87978C2BF908BA000F4864 /* Assets.xcassets */,
				DA87978E2BF908BA000F4864 /* LaunchScreen.storyboard */,
				DA8797912BF908BA000F4864 /* Info.plist */,
				DA8797972BF90915000F4864 /* BandModel.swift */,
				DA8797AE2BF91967000F4864 /* AlbumModel.swift */,
			);
			path = MusicBandsMVC;
			sourceTree = "<group>";
		};
		DA8797992BF90F12000F4864 /* Album */ = {
			isa = PBXGroup;
			children = (
				DA87979F2BF90F86000F4864 /* AlbumViewController.swift */,
				DA8797A12BF90FA4000F4864 /* Album.xib */,
			);
			path = Album;
			sourceTree = "<group>";
		};
		DA87979A2BF90F32000F4864 /* CustomTableViewCell */ = {
			isa = PBXGroup;
			children = (
				DA87979B2BF90F46000F4864 /* CustomTableViewCell.swift */,
				DA87979C2BF90F46000F4864 /* CustomTableViewCell.xib */,
			);
			path = CustomTableViewCell;
			sourceTree = "<group>";
		};
		DA8797A52BF9122E000F4864 /* CustomTableView */ = {
			isa = PBXGroup;
			children = (
				DA8797A62BF9124E000F4864 /* CustomTableViewController.swift */,
				DA8797A82BF91266000F4864 /* CustomTableView.xib */,
				DA8797AC2BF9138D000F4864 /* CustomTableView.swift */,
			);
			path = CustomTableView;
			sourceTree = "<group>";
		};
/* End PBXGroup section */

/* Begin PBXNativeTarget section */
		DA87977F2BF908B8000F4864 /* MusicBandsMVC */ = {
			isa = PBXNativeTarget;
			buildConfigurationList = DA8797942BF908BA000F4864 /* Build configuration list for PBXNativeTarget "MusicBandsMVC" */;
			buildPhases = (
				DA87977C2BF908B8000F4864 /* Sources */,
				DA87977D2BF908B8000F4864 /* Frameworks */,
				DA87977E2BF908B8000F4864 /* Resources */,
			);
			buildRules = (
			);
			dependencies = (
			);
			name = MusicBandsMVC;
			productName = MusicBandsMVC;
			productReference = DA8797802BF908B8000F4864 /* MusicBandsMVC.app */;
			productType = "com.apple.product-type.application";
		};
/* End PBXNativeTarget section */

/* Begin PBXProject section */
		DA8797782BF908B8000F4864 /* Project object */ = {
			isa = PBXProject;
			attributes = {
				BuildIndependentTargetsInParallel = 1;
				LastSwiftUpdateCheck = 1540;
				LastUpgradeCheck = 1540;
				TargetAttributes = {
					DA87977F2BF908B8000F4864 = {
						CreatedOnToolsVersion = 15.4;
					};
				};
			};
			buildConfigurationList = DA87977B2BF908B8000F4864 /* Build configuration list for PBXProject "MusicBandsMVC" */;
			compatibilityVersion = "Xcode 14.0";
			developmentRegion = en;
			hasScannedForEncodings = 0;
			knownRegions = (
				en,
				Base,
			);
			mainGroup = DA8797772BF908B8000F4864;
			productRefGroup = DA8797812BF908B8000F4864 /* Products */;
			projectDirPath = "";
			projectRoot = "";
			targets = (
				DA87977F2BF908B8000F4864 /* MusicBandsMVC */,
			);
		};
/* End PBXProject section */

/* Begin PBXResourcesBuildPhase section */
		DA87977E2BF908B8000F4864 /* Resources */ = {
			isa = PBXResourcesBuildPhase;
			buildActionMask = 2147483647;
			files = (
				DA8797A92BF91266000F4864 /* CustomTableView.xib in Resources */,
				DA87978D2BF908BA000F4864 /* Assets.xcassets in Resources */,
				DA8797902BF908BA000F4864 /* Base in Resources */,
				DA8797A22BF90FA4000F4864 /* Album.xib in Resources */,
				DA87979D2BF90F46000F4864 /* CustomTableViewCell.xib in Resources */,
				DA87978B2BF908B8000F4864 /* Base in Resources */,
			);
			runOnlyForDeploymentPostprocessing = 0;
		};
/* End PBXResourcesBuildPhase section */

/* Begin PBXSourcesBuildPhase section */
		DA87977C2BF908B8000F4864 /* Sources */ = {
			isa = PBXSourcesBuildPhase;
			buildActionMask = 2147483647;
			files = (
				DA8797AF2BF91967000F4864 /* AlbumModel.swift in Sources */,
				DA8797A02BF90F86000F4864 /* AlbumViewController.swift in Sources */,
				DA8797982BF90915000F4864 /* BandModel.swift in Sources */,
				DA87979E2BF90F46000F4864 /* CustomTableViewCell.swift in Sources */,
				DA8797A72BF9124E000F4864 /* CustomTableViewController.swift in Sources */,
				DA8797AD2BF9138D000F4864 /* CustomTableView.swift in Sources */,
				DA8797882BF908B8000F4864 /* ViewController.swift in Sources */,
				DA8797842BF908B8000F4864 /* AppDelegate.swift in Sources */,
				DA8797862BF908B8000F4864 /* SceneDelegate.swift in Sources */,
			);
			runOnlyForDeploymentPostprocessing = 0;
		};
/* End PBXSourcesBuildPhase section */

/* Begin PBXVariantGroup section */
		DA8797892BF908B8000F4864 /* Main.storyboard */ = {
			isa = PBXVariantGroup;
			children = (
				DA87978A2BF908B8000F4864 /* Base */,
			);
			name = Main.storyboard;
			sourceTree = "<group>";
		};
		DA87978E2BF908BA000F4864 /* LaunchScreen.storyboard */ = {
			isa = PBXVariantGroup;
			children = (
				DA87978F2BF908BA000F4864 /* Base */,
			);
			name = LaunchScreen.storyboard;
			sourceTree = "<group>";
		};
/* End PBXVariantGroup section */

/* Begin XCBuildConfiguration section */
		DA8797922BF908BA000F4864 /* Debug */ = {
			isa = XCBuildConfiguration;
			buildSettings = {
				ALWAYS_SEARCH_USER_PATHS = NO;
				ASSETCATALOG_COMPILER_GENERATE_SWIFT_ASSET_SYMBOL_EXTENSIONS = YES;
				CLANG_ANALYZER_NONNULL = YES;
				CLANG_ANALYZER_NUMBER_OBJECT_CONVERSION = YES_AGGRESSIVE;
				CLANG_CXX_LANGUAGE_STANDARD = "gnu++20";
				CLANG_ENABLE_MODULES = YES;
				CLANG_ENABLE_OBJC_ARC = YES;
				CLANG_ENABLE_OBJC_WEAK = YES;
				CLANG_WARN_BLOCK_CAPTURE_AUTORELEASING = YES;
				CLANG_WARN_BOOL_CONVERSION = YES;
				CLANG_WARN_COMMA = YES;
				CLANG_WARN_CONSTANT_CONVERSION = YES;
				CLANG_WARN_DEPRECATED_OBJC_IMPLEMENTATIONS = YES;
				CLANG_WARN_DIRECT_OBJC_ISA_USAGE = YES_ERROR;
				CLANG_WARN_DOCUMENTATION_COMMENTS = YES;
				CLANG_WARN_EMPTY_BODY = YES;
				CLANG_WARN_ENUM_CONVERSION = YES;
				CLANG_WARN_INFINITE_RECURSION = YES;
				CLANG_WARN_INT_CONVERSION = YES;
				CLANG_WARN_NON_LITERAL_NULL_CONVERSION = YES;
				CLANG_WARN_OBJC_IMPLICIT_RETAIN_SELF = YES;
				CLANG_WARN_OBJC_LITERAL_CONVERSION = YES;
				CLANG_WARN_OBJC_ROOT_CLASS = YES_ERROR;
				CLANG_WARN_QUOTED_INCLUDE_IN_FRAMEWORK_HEADER = YES;
				CLANG_WARN_RANGE_LOOP_ANALYSIS = YES;
				CLANG_WARN_STRICT_PROTOTYPES = YES;
				CLANG_WARN_SUSPICIOUS_MOVE = YES;
				CLANG_WARN_UNGUARDED_AVAILABILITY = YES_AGGRESSIVE;
				CLANG_WARN_UNREACHABLE_CODE = YES;
				CLANG_WARN__DUPLICATE_METHOD_MATCH = YES;
				COPY_PHASE_STRIP = NO;
				DEBUG_INFORMATION_FORMAT = dwarf;
				ENABLE_STRICT_OBJC_MSGSEND = YES;
				ENABLE_TESTABILITY = YES;
				ENABLE_USER_SCRIPT_SANDBOXING = YES;
				GCC_C_LANGUAGE_STANDARD = gnu17;
				GCC_DYNAMIC_NO_PIC = NO;
				GCC_NO_COMMON_BLOCKS = YES;
				GCC_OPTIMIZATION_LEVEL = 0;
				GCC_PREPROCESSOR_DEFINITIONS = (
					"DEBUG=1",
					"$(inherited)",
				);
				GCC_WARN_64_TO_32_BIT_CONVERSION = YES;
				GCC_WARN_ABOUT_RETURN_TYPE = YES_ERROR;
				GCC_WARN_UNDECLARED_SELECTOR = YES;
				GCC_WARN_UNINITIALIZED_AUTOS = YES_AGGRESSIVE;
				GCC_WARN_UNUSED_FUNCTION = YES;
				GCC_WARN_UNUSED_VARIABLE = YES;
				IPHONEOS_DEPLOYMENT_TARGET = 17.5;
				LOCALIZATION_PREFERS_STRING_CATALOGS = YES;
				MTL_ENABLE_DEBUG_INFO = INCLUDE_SOURCE;
				MTL_FAST_MATH = YES;
				ONLY_ACTIVE_ARCH = YES;
				SDKROOT = iphoneos;
				SWIFT_ACTIVE_COMPILATION_CONDITIONS = "DEBUG $(inherited)";
				SWIFT_OPTIMIZATION_LEVEL = "-Onone";
			};
			name = Debug;
		};
		DA8797932BF908BA000F4864 /* Release */ = {
			isa = XCBuildConfiguration;
			buildSettings = {
				ALWAYS_SEARCH_USER_PATHS = NO;
				ASSETCATALOG_COMPILER_GENERATE_SWIFT_ASSET_SYMBOL_EXTENSIONS = YES;
				CLANG_ANALYZER_NONNULL = YES;
				CLANG_ANALYZER_NUMBER_OBJECT_CONVERSION = YES_AGGRESSIVE;
				CLANG_CXX_LANGUAGE_STANDARD = "gnu++20";
				CLANG_ENABLE_MODULES = YES;
				CLANG_ENABLE_OBJC_ARC = YES;
				CLANG_ENABLE_OBJC_WEAK = YES;
				CLANG_WARN_BLOCK_CAPTURE_AUTORELEASING = YES;
				CLANG_WARN_BOOL_CONVERSION = YES;
				CLANG_WARN_COMMA = YES;
				CLANG_WARN_CONSTANT_CONVERSION = YES;
				CLANG_WARN_DEPRECATED_OBJC_IMPLEMENTATIONS = YES;
				CLANG_WARN_DIRECT_OBJC_ISA_USAGE = YES_ERROR;
				CLANG_WARN_DOCUMENTATION_COMMENTS = YES;
				CLANG_WARN_EMPTY_BODY = YES;
				CLANG_WARN_ENUM_CONVERSION = YES;
				CLANG_WARN_INFINITE_RECURSION = YES;
				CLANG_WARN_INT_CONVERSION = YES;
				CLANG_WARN_NON_LITERAL_NULL_CONVERSION = YES;
				CLANG_WARN_OBJC_IMPLICIT_RETAIN_SELF = YES;
				CLANG_WARN_OBJC_LITERAL_CONVERSION = YES;
				CLANG_WARN_OBJC_ROOT_CLASS = YES_ERROR;
				CLANG_WARN_QUOTED_INCLUDE_IN_FRAMEWORK_HEADER = YES;
				CLANG_WARN_RANGE_LOOP_ANALYSIS = YES;
				CLANG_WARN_STRICT_PROTOTYPES = YES;
				CLANG_WARN_SUSPICIOUS_MOVE = YES;
				CLANG_WARN_UNGUARDED_AVAILABILITY = YES_AGGRESSIVE;
				CLANG_WARN_UNREACHABLE_CODE = YES;
				CLANG_WARN__DUPLICATE_METHOD_MATCH = YES;
				COPY_PHASE_STRIP = NO;
				DEBUG_INFORMATION_FORMAT = "dwarf-with-dsym";
				ENABLE_NS_ASSERTIONS = NO;
				ENABLE_STRICT_OBJC_MSGSEND = YES;
				ENABLE_USER_SCRIPT_SANDBOXING = YES;
				GCC_C_LANGUAGE_STANDARD = gnu17;
				GCC_NO_COMMON_BLOCKS = YES;
				GCC_WARN_64_TO_32_BIT_CONVERSION = YES;
				GCC_WARN_ABOUT_RETURN_TYPE = YES_ERROR;
				GCC_WARN_UNDECLARED_SELECTOR = YES;
				GCC_WARN_UNINITIALIZED_AUTOS = YES_AGGRESSIVE;
				GCC_WARN_UNUSED_FUNCTION = YES;
				GCC_WARN_UNUSED_VARIABLE = YES;
				IPHONEOS_DEPLOYMENT_TARGET = 17.5;
				LOCALIZATION_PREFERS_STRING_CATALOGS = YES;
				MTL_ENABLE_DEBUG_INFO = NO;
				MTL_FAST_MATH = YES;
				SDKROOT = iphoneos;
				SWIFT_COMPILATION_MODE = wholemodule;
				VALIDATE_PRODUCT = YES;
			};
			name = Release;
		};
		DA8797952BF908BA000F4864 /* Debug */ = {
			isa = XCBuildConfiguration;
			buildSettings = {
				ASSETCATALOG_COMPILER_APPICON_NAME = AppIcon;
				ASSETCATALOG_COMPILER_GLOBAL_ACCENT_COLOR_NAME = AccentColor;
				CODE_SIGN_STYLE = Automatic;
				CURRENT_PROJECT_VERSION = 1;
				GENERATE_INFOPLIST_FILE = YES;
				INFOPLIST_FILE = MusicBandsMVC/Info.plist;
				INFOPLIST_KEY_UIApplicationSupportsIndirectInputEvents = YES;
				INFOPLIST_KEY_UILaunchStoryboardName = LaunchScreen;
				INFOPLIST_KEY_UIMainStoryboardFile = Main;
				INFOPLIST_KEY_UISupportedInterfaceOrientations_iPad = "UIInterfaceOrientationPortrait UIInterfaceOrientationPortraitUpsideDown UIInterfaceOrientationLandscapeLeft UIInterfaceOrientationLandscapeRight";
				INFOPLIST_KEY_UISupportedInterfaceOrientations_iPhone = "UIInterfaceOrientationPortrait UIInterfaceOrientationLandscapeLeft UIInterfaceOrientationLandscapeRight";
				LD_RUNPATH_SEARCH_PATHS = (
					"$(inherited)",
					"@executable_path/Frameworks",
				);
				MARKETING_VERSION = 1.0;
				PRODUCT_BUNDLE_IDENTIFIER = "ios-lab.MusicBandsMVC";
				PRODUCT_NAME = "$(TARGET_NAME)";
				SUPPORTED_PLATFORMS = "iphoneos iphonesimulator";
				SUPPORTS_MACCATALYST = NO;
				SUPPORTS_MAC_DESIGNED_FOR_IPHONE_IPAD = NO;
				SUPPORTS_XR_DESIGNED_FOR_IPHONE_IPAD = NO;
				SWIFT_EMIT_LOC_STRINGS = YES;
				SWIFT_VERSION = 5.0;
				TARGETED_DEVICE_FAMILY = 1;
			};
			name = Debug;
		};
		DA8797962BF908BA000F4864 /* Release */ = {
			isa = XCBuildConfiguration;
			buildSettings = {
				ASSETCATALOG_COMPILER_APPICON_NAME = AppIcon;
				ASSETCATALOG_COMPILER_GLOBAL_ACCENT_COLOR_NAME = AccentColor;
				CODE_SIGN_STYLE = Automatic;
				CURRENT_PROJECT_VERSION = 1;
				GENERATE_INFOPLIST_FILE = YES;
				INFOPLIST_FILE = MusicBandsMVC/Info.plist;
				INFOPLIST_KEY_UIApplicationSupportsIndirectInputEvents = YES;
				INFOPLIST_KEY_UILaunchStoryboardName = LaunchScreen;
				INFOPLIST_KEY_UIMainStoryboardFile = Main;
				INFOPLIST_KEY_UISupportedInterfaceOrientations_iPad = "UIInterfaceOrientationPortrait UIInterfaceOrientationPortraitUpsideDown UIInterfaceOrientationLandscapeLeft UIInterfaceOrientationLandscapeRight";
				INFOPLIST_KEY_UISupportedInterfaceOrientations_iPhone = "UIInterfaceOrientationPortrait UIInterfaceOrientationLandscapeLeft UIInterfaceOrientationLandscapeRight";
				LD_RUNPATH_SEARCH_PATHS = (
					"$(inherited)",
					"@executable_path/Frameworks",
				);
				MARKETING_VERSION = 1.0;
				PRODUCT_BUNDLE_IDENTIFIER = "ios-lab.MusicBandsMVC";
				PRODUCT_NAME = "$(TARGET_NAME)";
				SUPPORTED_PLATFORMS = "iphoneos iphonesimulator";
				SUPPORTS_MACCATALYST = NO;
				SUPPORTS_MAC_DESIGNED_FOR_IPHONE_IPAD = NO;
				SUPPORTS_XR_DESIGNED_FOR_IPHONE_IPAD = NO;
				SWIFT_EMIT_LOC_STRINGS = YES;
				SWIFT_VERSION = 5.0;
				TARGETED_DEVICE_FAMILY = 1;
			};
			name = Release;
		};
/* End XCBuildConfiguration section */

/* Begin XCConfigurationList section */
		DA87977B2BF908B8000F4864 /* Build configuration list for PBXProject "MusicBandsMVC" */ = {
			isa = XCConfigurationList;
			buildConfigurations = (
				DA8797922BF908BA000F4864 /* Debug */,
				DA8797932BF908BA000F4864 /* Release */,
			);
			defaultConfigurationIsVisible = 0;
			defaultConfigurationName = Release;
		};
		DA8797942BF908BA000F4864 /* Build configuration list for PBXNativeTarget "MusicBandsMVC" */ = {
			isa = XCConfigurationList;
			buildConfigurations = (
				DA8797952BF908BA000F4864 /* Debug */,
				DA8797962BF908BA000F4864 /* Release */,
			);
			defaultConfigurationIsVisible = 0;
			defaultConfigurationName = Release;
		};
/* End XCConfigurationList section */
	};
	rootObject = DA8797782BF908B8000F4864 /* Project object */;
}
